
Microsoft Visual Studio Solution File, Format Version 12.00
# Visual Studio Version 16
VisualStudioVersion = 16.0.30804.86
MinimumVisualStudioVersion = 10.0.40219.1
Project("{FAE04EC0-301F-11D3-BF4B-00C04F79EFBC}") = "ProgramlamaDilleriOdev", "ProgramlamaDilleriOdev\ProgramlamaDilleriOdev.csproj", "{E55EE234-6042-4024-A0A6-E06441203759}"
EndProject
Global
	GlobalSection(SolutionConfigurationPlatforms) = preSolution
		Debug|Any CPU = Debug|Any CPU
		Release|Any CPU = Release|Any CPU
	EndGlobalSection
	GlobalSection(ProjectConfigurationPlatforms) = postSolution
		{E55EE234-6042-4024-A0A6-E06441203759}.Debug|Any CPU.ActiveCfg = Debug|Any CPU
		{E55EE234-6042-4024-A0A6-E06441203759}.Debug|Any CPU.Build.0 = Debug|Any CPU
		{E55EE234-6042-4024-A0A6-E06441203759}.Release|Any CPU.ActiveCfg = Release|Any CPU
		{E55EE234-6042-4024-A0A6-E06441203759}.Release|Any CPU.Build.0 = Release|Any CPU
	EndGlobalSection
	GlobalSection(SolutionProperties) = preSolution
		HideSolutionNode = FALSE
	EndGlobalSection
	GlobalSection(ExtensibilityGlobals) = postSolution
		SolutionGuid = {B3749307-BD6E-4552-AAFB-66F4FDA58D39}
	EndGlobalSection
EndGlobal
